
Microsoft Visual Studio Solution File, Format Version 12.00
# Visual Studio 2013
VisualStudioVersion = 12.0.40629.0
MinimumVisualStudioVersion = 10.0.40219.1
Project("{FAE04EC0-301F-11D3-BF4B-00C04F79EFBC}") = "SpaClient", "SpaClient\SpaClient.csproj", "{75C0C12A-DAFD-41C6-A879-1BAE2B4F4E73}"
EndProject
Project("{FAE04EC0-301F-11D3-BF4B-00C04F79EFBC}") = "ResourceServer", "ResourceServer\ResourceServer.csproj", "{13C35CAC-6997-4554-A795-901638F962B2}"
EndProject
Project("{FAE04EC0-301F-11D3-BF4B-00C04F79EFBC}") = "IdentityServer", "IdentityServer\IdentityServer.csproj", "{83845254-DD37-4E12-A82C-8A749EB9AA8B}"
EndProject
Global
	GlobalSection(SolutionConfigurationPlatforms) = preSolution
		Debug|Any CPU = Debug|Any CPU
		Release|Any CPU = Release|Any CPU
	EndGlobalSection
	GlobalSection(ProjectConfigurationPlatforms) = postSolution
		{75C0C12A-DAFD-41C6-A879-1BAE2B4F4E73}.Debug|Any CPU.ActiveCfg = Debug|Any CPU
		{75C0C12A-DAFD-41C6-A879-1BAE2B4F4E73}.Debug|Any CPU.Build.0 = Debug|Any CPU
		{75C0C12A-DAFD-41C6-A879-1BAE2B4F4E73}.Release|Any CPU.ActiveCfg = Release|Any CPU
		{75C0C12A-DAFD-41C6-A879-1BAE2B4F4E73}.Release|Any CPU.Build.0 = Release|Any CPU
		{13C35CAC-6997-4554-A795-901638F962B2}.Debug|Any CPU.ActiveCfg = Debug|Any CPU
		{13C35CAC-6997-4554-A795-901638F962B2}.Debug|Any CPU.Build.0 = Debug|Any CPU
		{13C35CAC-6997-4554-A795-901638F962B2}.Release|Any CPU.ActiveCfg = Release|Any CPU
		{13C35CAC-6997-4554-A795-901638F962B2}.Release|Any CPU.Build.0 = Release|Any CPU
		{83845254-DD37-4E12-A82C-8A749EB9AA8B}.Debug|Any CPU.ActiveCfg = Debug|Any CPU
		{83845254-DD37-4E12-A82C-8A749EB9AA8B}.Debug|Any CPU.Build.0 = Debug|Any CPU
		{83845254-DD37-4E12-A82C-8A749EB9AA8B}.Release|Any CPU.ActiveCfg = Release|Any CPU
		{83845254-DD37-4E12-A82C-8A749EB9AA8B}.Release|Any CPU.Build.0 = Release|Any CPU
	EndGlobalSection
	GlobalSection(SolutionProperties) = preSolution
		HideSolutionNode = FALSE
	EndGlobalSection
EndGlobal
